{
  "object": {
    "pins": [
      {
        "package": "CypherPoetSwiftUIKit",
        "repositoryURL": "https://github.com/CypherPoet/CypherPoetSwiftUIKit.git",
        "state": {
          "branch": null,
          "revision": "1a2b0e98984a36f5a480cafd815c386e2f777b1f",
          "version": "0.0.22"
        }
      },
      {
        "package": "NetStack",
        "repositoryURL": "https://github.com/CypherPoet/NetStack.git",
        "state": {
          "branch": null,
          "revision": "1fd4063de1e95002eadddc41a43345054c13cb16",
          "version": "0.0.11"
        }
      },
      {
        "package": "SatoshiVSKit",
        "repositoryURL": "https://github.com/CypherPoet/SatoshiVSKit.git",
        "state": {
          "branch": null,
          "revision": "fde65da5abfed727de305e5b3c712d7357349fff",
          "version": "0.0.10"
        }
      }
    ]
  },
  "version": 1
}
