{
  "object": {
    "pins": [
      {
        "package": "CypherPoetSwiftUIKit",
        "repositoryURL": "https://github.com/CypherPoet/CypherPoetSwiftUIKit.git",
        "state": {
          "branch": null,
          "revision": "1a2b0e98984a36f5a480cafd815c386e2f777b1f",
          "version": "0.0.22"
        }
      },
      {
        "package": "NetStack",
        "repositoryURL": "https://github.com/CypherPoet/NetStack.git",
        "state": {
          "branch": null,
          "revision": "1cd12ddac8bc6026621cad30341f253d6ab29af8",
          "version": "0.0.16"
        }
      },
      {
        "package": "SatoshiVSKit",
        "repositoryURL": "https://github.com/CypherPoet/SatoshiVSKit.git",
        "state": {
          "branch": null,
          "revision": "7f6bd4a84a22e436bdb4d270ba9a4cfecd153fe7",
          "version": "0.0.17"
        }
      }
    ]
  },
  "version": 1
}
