{
  "object": {
    "pins": [
      {
        "package": "CypherPoetCoreDataKit",
        "repositoryURL": "https://github.com/CypherPoet/CypherPoetCoreDataKit.git",
        "state": {
          "branch": null,
          "revision": "19e26a32e1cde119c41ceb50a59159fa94c5e1ae",
          "version": "0.0.11"
        }
      },
      {
        "package": "CypherPoetNetStack",
        "repositoryURL": "https://github.com/CypherPoet/CypherPoetNetStack.git",
        "state": {
          "branch": null,
          "revision": "b5dbd717cd51726ccba1041ee5981680aaeff95f",
          "version": "0.0.28"
        }
      },
      {
        "package": "CypherPoetSwiftUIKit",
        "repositoryURL": "https://github.com/CypherPoet/CypherPoetSwiftUIKit.git",
        "state": {
          "branch": null,
          "revision": "ae3c4bf2c35bd329ba0b6c185ad3938d92b41bfe",
          "version": "0.0.41"
        }
      }
    ]
  },
  "version": 1
}
