{
  "object": {
    "pins": [
      {
        "package": "CypherPoetSwiftUIKit",
        "repositoryURL": "https://github.com/CypherPoet/CypherPoetSwiftUIKit.git",
        "state": {
          "branch": null,
          "revision": "61064470e79aaa519d46f1c215565c430f63666f",
          "version": "0.0.19"
        }
      }
    ]
  },
  "version": 1
}
