// !$*UTF8*$!
{
	archiveVersion = 1;
	classes = {
	};
	objectVersion = 52;
	objects = {

/* Begin PBXBuildFile section */
		F309E1902366DCA5008834FF /* CurrentCollageContainerView.swift in Sources */ = {isa = PBXBuildFile; fileRef = F309E18F2366DCA5008834FF /* CurrentCollageContainerView.swift */; };
		F309E19223679740008834FF /* CollageGrid.swift in Sources */ = {isa = PBXBuildFile; fileRef = F309E19123679740008834FF /* CollageGrid.swift */; };
		F309E19623679E6A008834FF /* ImageCollage.swift in Sources */ = {isa = PBXBuildFile; fileRef = F309E19523679E6A008834FF /* ImageCollage.swift */; };
		F309E19A2367A1BC008834FF /* UIImage+Collage.swift in Sources */ = {isa = PBXBuildFile; fileRef = F309E1992367A1BC008834FF /* UIImage+Collage.swift */; };
		F3A5BF6C2366D4880031FACF /* AppDelegate.swift in Sources */ = {isa = PBXBuildFile; fileRef = F3A5BF6B2366D4880031FACF /* AppDelegate.swift */; };
		F3A5BF6E2366D4880031FACF /* SceneDelegate.swift in Sources */ = {isa = PBXBuildFile; fileRef = F3A5BF6D2366D4880031FACF /* SceneDelegate.swift */; };
		F3A5BF722366D48A0031FACF /* Assets.xcassets in Resources */ = {isa = PBXBuildFile; fileRef = F3A5BF712366D48A0031FACF /* Assets.xcassets */; };
		F3A5BF752366D48A0031FACF /* Preview Assets.xcassets in Resources */ = {isa = PBXBuildFile; fileRef = F3A5BF742366D48A0031FACF /* Preview Assets.xcassets */; };
		F3A5BF782366D48A0031FACF /* LaunchScreen.storyboard in Resources */ = {isa = PBXBuildFile; fileRef = F3A5BF762366D48A0031FACF /* LaunchScreen.storyboard */; };
		F3A5BF832366D5200031FACF /* CurrentCollageView.swift in Sources */ = {isa = PBXBuildFile; fileRef = F3A5BF822366D5200031FACF /* CurrentCollageView.swift */; };
		F3A5BF852366D53A0031FACF /* AddCollagePhotosView.swift in Sources */ = {isa = PBXBuildFile; fileRef = F3A5BF842366D53A0031FACF /* AddCollagePhotosView.swift */; };
		F3A5BF872366D5930031FACF /* CurrentCollageViewModel.swift in Sources */ = {isa = PBXBuildFile; fileRef = F3A5BF862366D5930031FACF /* CurrentCollageViewModel.swift */; };
		F3B8296B236BCC71001244F7 /* CollageWriter.swift in Sources */ = {isa = PBXBuildFile; fileRef = F3B8296A236BCC71001244F7 /* CollageWriter.swift */; };
		F3E011C22367FE3E0086C207 /* CypherPoetSwiftUIKit.ButtonStyles in Frameworks */ = {isa = PBXBuildFile; productRef = F3E011C12367FE3E0086C207 /* CypherPoetSwiftUIKit.ButtonStyles */; };
		F3E53672236F6CA200C512B8 /* CurrentCollageContainerViewModel.swift in Sources */ = {isa = PBXBuildFile; fileRef = F3E53671236F6CA200C512B8 /* CurrentCollageContainerViewModel.swift */; };
/* End PBXBuildFile section */

/* Begin PBXFileReference section */
		F309E18F2366DCA5008834FF /* CurrentCollageContainerView.swift */ = {isa = PBXFileReference; lastKnownFileType = sourcecode.swift; path = CurrentCollageContainerView.swift; sourceTree = "<group>"; };
		F309E19123679740008834FF /* CollageGrid.swift */ = {isa = PBXFileReference; lastKnownFileType = sourcecode.swift; path = CollageGrid.swift; sourceTree = "<group>"; };
		F309E19523679E6A008834FF /* ImageCollage.swift */ = {isa = PBXFileReference; lastKnownFileType = sourcecode.swift; path = ImageCollage.swift; sourceTree = "<group>"; };
		F309E1992367A1BC008834FF /* UIImage+Collage.swift */ = {isa = PBXFileReference; lastKnownFileType = sourcecode.swift; path = "UIImage+Collage.swift"; sourceTree = "<group>"; };
		F3A5BF682366D4880031FACF /* Collage.app */ = {isa = PBXFileReference; explicitFileType = wrapper.application; includeInIndex = 0; path = Collage.app; sourceTree = BUILT_PRODUCTS_DIR; };
		F3A5BF6B2366D4880031FACF /* AppDelegate.swift */ = {isa = PBXFileReference; lastKnownFileType = sourcecode.swift; path = AppDelegate.swift; sourceTree = "<group>"; };
		F3A5BF6D2366D4880031FACF /* SceneDelegate.swift */ = {isa = PBXFileReference; lastKnownFileType = sourcecode.swift; path = SceneDelegate.swift; sourceTree = "<group>"; };
		F3A5BF712366D48A0031FACF /* Assets.xcassets */ = {isa = PBXFileReference; lastKnownFileType = folder.assetcatalog; path = Assets.xcassets; sourceTree = "<group>"; };
		F3A5BF742366D48A0031FACF /* Preview Assets.xcassets */ = {isa = PBXFileReference; lastKnownFileType = folder.assetcatalog; path = "Preview Assets.xcassets"; sourceTree = "<group>"; };
		F3A5BF772366D48A0031FACF /* Base */ = {isa = PBXFileReference; lastKnownFileType = file.storyboard; name = Base; path = Base.lproj/LaunchScreen.storyboard; sourceTree = "<group>"; };
		F3A5BF792366D48A0031FACF /* Info.plist */ = {isa = PBXFileReference; lastKnownFileType = text.plist.xml; path = Info.plist; sourceTree = "<group>"; };
		F3A5BF822366D5200031FACF /* CurrentCollageView.swift */ = {isa = PBXFileReference; lastKnownFileType = sourcecode.swift; path = CurrentCollageView.swift; sourceTree = "<group>"; };
		F3A5BF842366D53A0031FACF /* AddCollagePhotosView.swift */ = {isa = PBXFileReference; lastKnownFileType = sourcecode.swift; path = AddCollagePhotosView.swift; sourceTree = "<group>"; };
		F3A5BF862366D5930031FACF /* CurrentCollageViewModel.swift */ = {isa = PBXFileReference; lastKnownFileType = sourcecode.swift; path = CurrentCollageViewModel.swift; sourceTree = "<group>"; };
		F3B8296A236BCC71001244F7 /* CollageWriter.swift */ = {isa = PBXFileReference; lastKnownFileType = sourcecode.swift; path = CollageWriter.swift; sourceTree = "<group>"; };
		F3E53671236F6CA200C512B8 /* CurrentCollageContainerViewModel.swift */ = {isa = PBXFileReference; lastKnownFileType = sourcecode.swift; path = CurrentCollageContainerViewModel.swift; sourceTree = "<group>"; };
/* End PBXFileReference section */

/* Begin PBXFrameworksBuildPhase section */
		F3A5BF652366D4880031FACF /* Frameworks */ = {
			isa = PBXFrameworksBuildPhase;
			buildActionMask = 2147483647;
			files = (
				F3E011C22367FE3E0086C207 /* CypherPoetSwiftUIKit.ButtonStyles in Frameworks */,
			);
			runOnlyForDeploymentPostprocessing = 0;
		};
/* End PBXFrameworksBuildPhase section */

/* Begin PBXGroup section */
		F309E19323679E5A008834FF /* Data */ = {
			isa = PBXGroup;
			children = (
				F309E19423679E5C008834FF /* Models */,
			);
			path = Data;
			sourceTree = "<group>";
		};
		F309E19423679E5C008834FF /* Models */ = {
			isa = PBXGroup;
			children = (
				F309E19523679E6A008834FF /* ImageCollage.swift */,
			);
			path = Models;
			sourceTree = "<group>";
		};
		F309E1972367A1A7008834FF /* Reusables */ = {
			isa = PBXGroup;
			children = (
				F309E1982367A1B1008834FF /* Extensions */,
				F3B8296A236BCC71001244F7 /* CollageWriter.swift */,
			);
			path = Reusables;
			sourceTree = "<group>";
		};
		F309E1982367A1B1008834FF /* Extensions */ = {
			isa = PBXGroup;
			children = (
				F309E1992367A1BC008834FF /* UIImage+Collage.swift */,
			);
			path = Extensions;
			sourceTree = "<group>";
		};
		F3A5BF5F2366D4880031FACF = {
			isa = PBXGroup;
			children = (
				F3A5BF6A2366D4880031FACF /* Collage */,
				F3A5BF692366D4880031FACF /* Products */,
			);
			sourceTree = "<group>";
		};
		F3A5BF692366D4880031FACF /* Products */ = {
			isa = PBXGroup;
			children = (
				F3A5BF682366D4880031FACF /* Collage.app */,
			);
			name = Products;
			sourceTree = "<group>";
		};
		F3A5BF6A2366D4880031FACF /* Collage */ = {
			isa = PBXGroup;
			children = (
				F3A5BF792366D48A0031FACF /* Info.plist */,
				F3A5BF6B2366D4880031FACF /* AppDelegate.swift */,
				F3A5BF6D2366D4880031FACF /* SceneDelegate.swift */,
				F309E19323679E5A008834FF /* Data */,
				F3A5BF762366D48A0031FACF /* LaunchScreen.storyboard */,
				F3A5BF732366D48A0031FACF /* Preview Content */,
				F3A5BF812366D4F70031FACF /* Resources */,
				F309E1972367A1A7008834FF /* Reusables */,
				F3A5BF7F2366D4D30031FACF /* Scenes */,
			);
			path = Collage;
			sourceTree = "<group>";
		};
		F3A5BF732366D48A0031FACF /* Preview Content */ = {
			isa = PBXGroup;
			children = (
				F3A5BF742366D48A0031FACF /* Preview Assets.xcassets */,
			);
			path = "Preview Content";
			sourceTree = "<group>";
		};
		F3A5BF7F2366D4D30031FACF /* Scenes */ = {
			isa = PBXGroup;
			children = (
				F3A5BF802366D4EB0031FACF /* Collage */,
			);
			path = Scenes;
			sourceTree = "<group>";
		};
		F3A5BF802366D4EB0031FACF /* Collage */ = {
			isa = PBXGroup;
			children = (
				F3A5BF822366D5200031FACF /* CurrentCollageView.swift */,
				F309E19123679740008834FF /* CollageGrid.swift */,
				F309E18F2366DCA5008834FF /* CurrentCollageContainerView.swift */,
				F3E53671236F6CA200C512B8 /* CurrentCollageContainerViewModel.swift */,
				F3A5BF862366D5930031FACF /* CurrentCollageViewModel.swift */,
				F3A5BF842366D53A0031FACF /* AddCollagePhotosView.swift */,
			);
			path = Collage;
			sourceTree = "<group>";
		};
		F3A5BF812366D4F70031FACF /* Resources */ = {
			isa = PBXGroup;
			children = (
				F3A5BF712366D48A0031FACF /* Assets.xcassets */,
			);
			path = Resources;
			sourceTree = "<group>";
		};
/* End PBXGroup section */

/* Begin PBXNativeTarget section */
		F3A5BF672366D4880031FACF /* Collage */ = {
			isa = PBXNativeTarget;
			buildConfigurationList = F3A5BF7C2366D48A0031FACF /* Build configuration list for PBXNativeTarget "Collage" */;
			buildPhases = (
				F3A5BF642366D4880031FACF /* Sources */,
				F3A5BF652366D4880031FACF /* Frameworks */,
				F3A5BF662366D4880031FACF /* Resources */,
			);
			buildRules = (
			);
			dependencies = (
			);
			name = Collage;
			packageProductDependencies = (
				F3E011C12367FE3E0086C207 /* CypherPoetSwiftUIKit.ButtonStyles */,
			);
			productName = Collage;
			productReference = F3A5BF682366D4880031FACF /* Collage.app */;
			productType = "com.apple.product-type.application";
		};
/* End PBXNativeTarget section */

/* Begin PBXProject section */
		F3A5BF602366D4880031FACF /* Project object */ = {
			isa = PBXProject;
			attributes = {
				LastSwiftUpdateCheck = 1120;
				LastUpgradeCheck = 1120;
				ORGANIZATIONNAME = CypherPoet;
				TargetAttributes = {
					F3A5BF672366D4880031FACF = {
						CreatedOnToolsVersion = 11.2;
					};
				};
			};
			buildConfigurationList = F3A5BF632366D4880031FACF /* Build configuration list for PBXProject "Collage" */;
			compatibilityVersion = "Xcode 9.3";
			developmentRegion = en;
			hasScannedForEncodings = 0;
			knownRegions = (
				en,
				Base,
			);
			mainGroup = F3A5BF5F2366D4880031FACF;
			packageReferences = (
				F3E011C02367FE3E0086C207 /* XCRemoteSwiftPackageReference "CypherPoetSwiftUIKit" */,
			);
			productRefGroup = F3A5BF692366D4880031FACF /* Products */;
			projectDirPath = "";
			projectRoot = "";
			targets = (
				F3A5BF672366D4880031FACF /* Collage */,
			);
		};
/* End PBXProject section */

/* Begin PBXResourcesBuildPhase section */
		F3A5BF662366D4880031FACF /* Resources */ = {
			isa = PBXResourcesBuildPhase;
			buildActionMask = 2147483647;
			files = (
				F3A5BF782366D48A0031FACF /* LaunchScreen.storyboard in Resources */,
				F3A5BF752366D48A0031FACF /* Preview Assets.xcassets in Resources */,
				F3A5BF722366D48A0031FACF /* Assets.xcassets in Resources */,
			);
			runOnlyForDeploymentPostprocessing = 0;
		};
/* End PBXResourcesBuildPhase section */

/* Begin PBXSourcesBuildPhase section */
		F3A5BF642366D4880031FACF /* Sources */ = {
			isa = PBXSourcesBuildPhase;
			buildActionMask = 2147483647;
			files = (
				F3A5BF872366D5930031FACF /* CurrentCollageViewModel.swift in Sources */,
				F3A5BF6C2366D4880031FACF /* AppDelegate.swift in Sources */,
				F3B8296B236BCC71001244F7 /* CollageWriter.swift in Sources */,
				F3A5BF6E2366D4880031FACF /* SceneDelegate.swift in Sources */,
				F3A5BF852366D53A0031FACF /* AddCollagePhotosView.swift in Sources */,
				F309E19223679740008834FF /* CollageGrid.swift in Sources */,
				F3E53672236F6CA200C512B8 /* CurrentCollageContainerViewModel.swift in Sources */,
				F309E19A2367A1BC008834FF /* UIImage+Collage.swift in Sources */,
				F309E1902366DCA5008834FF /* CurrentCollageContainerView.swift in Sources */,
				F3A5BF832366D5200031FACF /* CurrentCollageView.swift in Sources */,
				F309E19623679E6A008834FF /* ImageCollage.swift in Sources */,
			);
			runOnlyForDeploymentPostprocessing = 0;
		};
/* End PBXSourcesBuildPhase section */

/* Begin PBXVariantGroup section */
		F3A5BF762366D48A0031FACF /* LaunchScreen.storyboard */ = {
			isa = PBXVariantGroup;
			children = (
				F3A5BF772366D48A0031FACF /* Base */,
			);
			name = LaunchScreen.storyboard;
			sourceTree = "<group>";
		};
/* End PBXVariantGroup section */

/* Begin XCBuildConfiguration section */
		F3A5BF7A2366D48A0031FACF /* Debug */ = {
			isa = XCBuildConfiguration;
			buildSettings = {
				ALWAYS_SEARCH_USER_PATHS = NO;
				CLANG_ANALYZER_NONNULL = YES;
				CLANG_ANALYZER_NUMBER_OBJECT_CONVERSION = YES_AGGRESSIVE;
				CLANG_CXX_LANGUAGE_STANDARD = "gnu++14";
				CLANG_CXX_LIBRARY = "libc++";
				CLANG_ENABLE_MODULES = YES;
				CLANG_ENABLE_OBJC_ARC = YES;
				CLANG_ENABLE_OBJC_WEAK = YES;
				CLANG_WARN_BLOCK_CAPTURE_AUTORELEASING = YES;
				CLANG_WARN_BOOL_CONVERSION = YES;
				CLANG_WARN_COMMA = YES;
				CLANG_WARN_CONSTANT_CONVERSION = YES;
				CLANG_WARN_DEPRECATED_OBJC_IMPLEMENTATIONS = YES;
				CLANG_WARN_DIRECT_OBJC_ISA_USAGE = YES_ERROR;
				CLANG_WARN_DOCUMENTATION_COMMENTS = YES;
				CLANG_WARN_EMPTY_BODY = YES;
				CLANG_WARN_ENUM_CONVERSION = YES;
				CLANG_WARN_INFINITE_RECURSION = YES;
				CLANG_WARN_INT_CONVERSION = YES;
				CLANG_WARN_NON_LITERAL_NULL_CONVERSION = YES;
				CLANG_WARN_OBJC_IMPLICIT_RETAIN_SELF = YES;
				CLANG_WARN_OBJC_LITERAL_CONVERSION = YES;
				CLANG_WARN_OBJC_ROOT_CLASS = YES_ERROR;
				CLANG_WARN_RANGE_LOOP_ANALYSIS = YES;
				CLANG_WARN_STRICT_PROTOTYPES = YES;
				CLANG_WARN_SUSPICIOUS_MOVE = YES;
				CLANG_WARN_UNGUARDED_AVAILABILITY = YES_AGGRESSIVE;
				CLANG_WARN_UNREACHABLE_CODE = YES;
				CLANG_WARN__DUPLICATE_METHOD_MATCH = YES;
				COPY_PHASE_STRIP = NO;
				DEBUG_INFORMATION_FORMAT = dwarf;
				ENABLE_STRICT_OBJC_MSGSEND = YES;
				ENABLE_TESTABILITY = YES;
				GCC_C_LANGUAGE_STANDARD = gnu11;
				GCC_DYNAMIC_NO_PIC = NO;
				GCC_NO_COMMON_BLOCKS = YES;
				GCC_OPTIMIZATION_LEVEL = 0;
				GCC_PREPROCESSOR_DEFINITIONS = (
					"DEBUG=1",
					"$(inherited)",
				);
				GCC_WARN_64_TO_32_BIT_CONVERSION = YES;
				GCC_WARN_ABOUT_RETURN_TYPE = YES_ERROR;
				GCC_WARN_UNDECLARED_SELECTOR = YES;
				GCC_WARN_UNINITIALIZED_AUTOS = YES_AGGRESSIVE;
				GCC_WARN_UNUSED_FUNCTION = YES;
				GCC_WARN_UNUSED_VARIABLE = YES;
				IPHONEOS_DEPLOYMENT_TARGET = 13.2;
				MTL_ENABLE_DEBUG_INFO = INCLUDE_SOURCE;
				MTL_FAST_MATH = YES;
				ONLY_ACTIVE_ARCH = YES;
				SDKROOT = iphoneos;
				SWIFT_ACTIVE_COMPILATION_CONDITIONS = DEBUG;
				SWIFT_OPTIMIZATION_LEVEL = "-Onone";
			};
			name = Debug;
		};
		F3A5BF7B2366D48A0031FACF /* Release */ = {
			isa = XCBuildConfiguration;
			buildSettings = {
				ALWAYS_SEARCH_USER_PATHS = NO;
				CLANG_ANALYZER_NONNULL = YES;
				CLANG_ANALYZER_NUMBER_OBJECT_CONVERSION = YES_AGGRESSIVE;
				CLANG_CXX_LANGUAGE_STANDARD = "gnu++14";
				CLANG_CXX_LIBRARY = "libc++";
				CLANG_ENABLE_MODULES = YES;
				CLANG_ENABLE_OBJC_ARC = YES;
				CLANG_ENABLE_OBJC_WEAK = YES;
				CLANG_WARN_BLOCK_CAPTURE_AUTORELEASING = YES;
				CLANG_WARN_BOOL_CONVERSION = YES;
				CLANG_WARN_COMMA = YES;
				CLANG_WARN_CONSTANT_CONVERSION = YES;
				CLANG_WARN_DEPRECATED_OBJC_IMPLEMENTATIONS = YES;
				CLANG_WARN_DIRECT_OBJC_ISA_USAGE = YES_ERROR;
				CLANG_WARN_DOCUMENTATION_COMMENTS = YES;
				CLANG_WARN_EMPTY_BODY = YES;
				CLANG_WARN_ENUM_CONVERSION = YES;
				CLANG_WARN_INFINITE_RECURSION = YES;
				CLANG_WARN_INT_CONVERSION = YES;
				CLANG_WARN_NON_LITERAL_NULL_CONVERSION = YES;
				CLANG_WARN_OBJC_IMPLICIT_RETAIN_SELF = YES;
				CLANG_WARN_OBJC_LITERAL_CONVERSION = YES;
				CLANG_WARN_OBJC_ROOT_CLASS = YES_ERROR;
				CLANG_WARN_RANGE_LOOP_ANALYSIS = YES;
				CLANG_WARN_STRICT_PROTOTYPES = YES;
				CLANG_WARN_SUSPICIOUS_MOVE = YES;
				CLANG_WARN_UNGUARDED_AVAILABILITY = YES_AGGRESSIVE;
				CLANG_WARN_UNREACHABLE_CODE = YES;
				CLANG_WARN__DUPLICATE_METHOD_MATCH = YES;
				COPY_PHASE_STRIP = NO;
				DEBUG_INFORMATION_FORMAT = "dwarf-with-dsym";
				ENABLE_NS_ASSERTIONS = NO;
				ENABLE_STRICT_OBJC_MSGSEND = YES;
				GCC_C_LANGUAGE_STANDARD = gnu11;
				GCC_NO_COMMON_BLOCKS = YES;
				GCC_WARN_64_TO_32_BIT_CONVERSION = YES;
				GCC_WARN_ABOUT_RETURN_TYPE = YES_ERROR;
				GCC_WARN_UNDECLARED_SELECTOR = YES;
				GCC_WARN_UNINITIALIZED_AUTOS = YES_AGGRESSIVE;
				GCC_WARN_UNUSED_FUNCTION = YES;
				GCC_WARN_UNUSED_VARIABLE = YES;
				IPHONEOS_DEPLOYMENT_TARGET = 13.2;
				MTL_ENABLE_DEBUG_INFO = NO;
				MTL_FAST_MATH = YES;
				SDKROOT = iphoneos;
				SWIFT_COMPILATION_MODE = wholemodule;
				SWIFT_OPTIMIZATION_LEVEL = "-O";
				VALIDATE_PRODUCT = YES;
			};
			name = Release;
		};
		F3A5BF7D2366D48A0031FACF /* Debug */ = {
			isa = XCBuildConfiguration;
			buildSettings = {
				ASSETCATALOG_COMPILER_APPICON_NAME = AppIcon;
				CODE_SIGN_STYLE = Automatic;
				DEVELOPMENT_ASSET_PATHS = "\"Collage/Preview Content\"";
				DEVELOPMENT_TEAM = QRXXH2RKAG;
				ENABLE_PREVIEWS = YES;
				INFOPLIST_FILE = Collage/Info.plist;
				LD_RUNPATH_SEARCH_PATHS = (
					"$(inherited)",
					"@executable_path/Frameworks",
				);
				PRODUCT_BUNDLE_IDENTIFIER = io.github.cypherpoet.Collage;
				PRODUCT_NAME = "$(TARGET_NAME)";
				SWIFT_VERSION = 5.0;
				TARGETED_DEVICE_FAMILY = "1,2";
			};
			name = Debug;
		};
		F3A5BF7E2366D48A0031FACF /* Release */ = {
			isa = XCBuildConfiguration;
			buildSettings = {
				ASSETCATALOG_COMPILER_APPICON_NAME = AppIcon;
				CODE_SIGN_STYLE = Automatic;
				DEVELOPMENT_ASSET_PATHS = "\"Collage/Preview Content\"";
				DEVELOPMENT_TEAM = QRXXH2RKAG;
				ENABLE_PREVIEWS = YES;
				INFOPLIST_FILE = Collage/Info.plist;
				LD_RUNPATH_SEARCH_PATHS = (
					"$(inherited)",
					"@executable_path/Frameworks",
				);
				PRODUCT_BUNDLE_IDENTIFIER = io.github.cypherpoet.Collage;
				PRODUCT_NAME = "$(TARGET_NAME)";
				SWIFT_VERSION = 5.0;
				TARGETED_DEVICE_FAMILY = "1,2";
			};
			name = Release;
		};
/* End XCBuildConfiguration section */

/* Begin XCConfigurationList section */
		F3A5BF632366D4880031FACF /* Build configuration list for PBXProject "Collage" */ = {
			isa = XCConfigurationList;
			buildConfigurations = (
				F3A5BF7A2366D48A0031FACF /* Debug */,
				F3A5BF7B2366D48A0031FACF /* Release */,
			);
			defaultConfigurationIsVisible = 0;
			defaultConfigurationName = Release;
		};
		F3A5BF7C2366D48A0031FACF /* Build configuration list for PBXNativeTarget "Collage" */ = {
			isa = XCConfigurationList;
			buildConfigurations = (
				F3A5BF7D2366D48A0031FACF /* Debug */,
				F3A5BF7E2366D48A0031FACF /* Release */,
			);
			defaultConfigurationIsVisible = 0;
			defaultConfigurationName = Release;
		};
/* End XCConfigurationList section */

/* Begin XCRemoteSwiftPackageReference section */
		F3E011C02367FE3E0086C207 /* XCRemoteSwiftPackageReference "CypherPoetSwiftUIKit" */ = {
			isa = XCRemoteSwiftPackageReference;
			repositoryURL = "https://github.com/CypherPoet/CypherPoetSwiftUIKit.git";
			requirement = {
				kind = upToNextMajorVersion;
				minimumVersion = 0.0.14;
			};
		};
/* End XCRemoteSwiftPackageReference section */

/* Begin XCSwiftPackageProductDependency section */
		F3E011C12367FE3E0086C207 /* CypherPoetSwiftUIKit.ButtonStyles */ = {
			isa = XCSwiftPackageProductDependency;
			package = F3E011C02367FE3E0086C207 /* XCRemoteSwiftPackageReference "CypherPoetSwiftUIKit" */;
			productName = CypherPoetSwiftUIKit.ButtonStyles;
		};
/* End XCSwiftPackageProductDependency section */
	};
	rootObject = F3A5BF602366D4880031FACF /* Project object */;
}
